# THIS IS AN AUTOGENERATED FILE. DO NOT EDIT THIS FILE DIRECTLY.
# yarn lockfile v1


"@xmldom/xmldom@^0.7.0":
  "integrity" "sha512-V3BIhmY36fXZ1OtVcI9W+FxQqxVLsPKcNjWigIaa81dLC9IolJl5Mt4Cvhmr0flUnjSpTdrbMTSbXqYqV5dT6A=="
  "resolved" "https://registry.npmjs.org/@xmldom/xmldom/-/xmldom-0.7.5.tgz"
  "version" "0.7.5"

"asynckit@^0.4.0":
  "integrity" "sha1-x57Zf380y48robyXkLzDZkdLS3k="
  "resolved" "https://registry.npmjs.org/asynckit/-/asynckit-0.4.0.tgz"
  "version" "0.4.0"

"axios@^0.27.1":
  "integrity" "sha512-ePNMai55xo5GsXajb/k756AqZqpqeDaGwGcdvbZLSSELbbYwsIn2jNmGfUPEwd8j/yu4OoMstLLIVa4t0MneEA=="
  "resolved" "https://registry.npmjs.org/axios/-/axios-0.27.1.tgz"
  "version" "0.27.1"
  dependencies:
    "follow-redirects" "^1.14.9"
    "form-data" "^4.0.0"

"balanced-match@^1.0.0":
  "integrity" "sha512-3oSeUO0TMV67hN1AmbXsK4yaqU7tjiHlbxRDZOpH0KW9+CeX4bRAaX0Anxt0tx2MrpRpWwQaPwIlISEJhYU5Pw=="
  "resolved" "https://registry.npmjs.org/balanced-match/-/balanced-match-1.0.2.tgz"
  "version" "1.0.2"

"big-integer@^1.6.17":
  "integrity" "sha512-GPEid2Y9QU1Exl1rpO9B2IPJGHPSupF5GnVIP0blYvNOMer2bTvSWs1jGOUg04hTmu67nmLsQ9TBo1puaotBHg=="
  "resolved" "https://registry.npmjs.org/big-integer/-/big-integer-1.6.51.tgz"
  "version" "1.6.51"

"binary@~0.3.0":
  "integrity" "sha1-n2BVO8XOjDOG87VTz/R0Yq3sqnk="
  "resolved" "https://registry.npmjs.org/binary/-/binary-0.3.0.tgz"
  "version" "0.3.0"
  dependencies:
    "buffers" "~0.1.1"
    "chainsaw" "~0.1.0"

"bluebird@~3.4.1":
  "integrity" "sha1-9y12C+Cbf3bQjtj66Ysomo0F+rM="
  "resolved" "https://registry.npmjs.org/bluebird/-/bluebird-3.4.7.tgz"
  "version" "3.4.7"

"brace-expansion@^1.1.7":
  "integrity" "sha512-iCuPHDFgrHX7H2vEI/5xpz07zSHB00TpugqhmYtVmMO6518mCuRMoOYFldEBl0g187ufozdaHgWKcYFb61qGiA=="
  "resolved" "https://registry.npmjs.org/brace-expansion/-/brace-expansion-1.1.11.tgz"
  "version" "1.1.11"
  dependencies:
    "balanced-match" "^1.0.0"
    "concat-map" "0.0.1"

"buffer-indexof-polyfill@~1.0.0":
  "integrity" "sha512-I7wzHwA3t1/lwXQh+A5PbNvJxgfo5r3xulgpYDB5zckTu/Z9oUK9biouBKQUjEqzaz3HnAT6TYoovmE+GqSf7A=="
  "resolved" "https://registry.npmjs.org/buffer-indexof-polyfill/-/buffer-indexof-polyfill-1.0.2.tgz"
  "version" "1.0.2"

"buffers@~0.1.1":
  "integrity" "sha1-skV5w77U1tOWru5tmorn9Ugqt7s="
  "resolved" "https://registry.npmjs.org/buffers/-/buffers-0.1.1.tgz"
  "version" "0.1.1"

"chainsaw@~0.1.0":
  "integrity" "sha1-XqtQsor+WAdNDVgpE4iCi15fvJg="
  "resolved" "https://registry.npmjs.org/chainsaw/-/chainsaw-0.1.0.tgz"
  "version" "0.1.0"
  dependencies:
    "traverse" ">=0.3.0 <0.4"

"combined-stream@^1.0.8":
  "integrity" "sha512-FQN4MRfuJeHf7cBbBMJFXhKSDq+2kAArBlmRBvcvFE5BB1HZKXtSFASDhdlz9zOYwxh8lDdnvmMOe/+5cdoEdg=="
  "resolved" "https://registry.npmjs.org/combined-stream/-/combined-stream-1.0.8.tgz"
  "version" "1.0.8"
  dependencies:
    "delayed-stream" "~1.0.0"

"concat-map@0.0.1":
  "integrity" "sha1-2Klr13/Wjfd5OnMDajug1UBdR3s="
  "resolved" "https://registry.npmjs.org/concat-map/-/concat-map-0.0.1.tgz"
  "version" "0.0.1"

"core-util-is@~1.0.0":
  "integrity" "sha512-ZQBvi1DcpJ4GDqanjucZ2Hj3wEO5pZDS89BWbkcrvdxksJorwUDDZamX9ldFkp9aw2lmBDLgkObEA4DWNJ9FYQ=="
  "resolved" "https://registry.npmjs.org/core-util-is/-/core-util-is-1.0.3.tgz"
  "version" "1.0.3"

"date-fns@^2.28.0":
  "integrity" "sha512-8d35hViGYx/QH0icHYCeLmsLmMUheMmTyV9Fcm6gvNwdw31yXXH+O85sOBJ+OLnLQMKZowvpKb6FgMIQjcpvQw=="
  "resolved" "https://registry.npmjs.org/date-fns/-/date-fns-2.28.0.tgz"
  "version" "2.28.0"

"delayed-stream@~1.0.0":
  "integrity" "sha1-3zrhmayt+31ECqrgsp4icrJOxhk="
  "resolved" "https://registry.npmjs.org/delayed-stream/-/delayed-stream-1.0.0.tgz"
  "version" "1.0.0"

"dotenv@^16.0.0":
  "integrity" "sha512-qD9WU0MPM4SWLPJy/r2Be+2WgQj8plChsyrCNQzW/0WjvcJQiKQJ9mH3ZgB3fxbUUxgc/11ZJ0Fi5KiimWGz2Q=="
  "resolved" "https://registry.npmjs.org/dotenv/-/dotenv-16.0.0.tgz"
  "version" "16.0.0"

"duplexer2@~0.1.4":
  "integrity" "sha1-ixLauHjA1p4+eJEFFmKjL8a93ME="
  "resolved" "https://registry.npmjs.org/duplexer2/-/duplexer2-0.1.4.tgz"
  "version" "0.1.4"
  dependencies:
    "readable-stream" "^2.0.2"

"follow-redirects@^1.14.9":
  "integrity" "sha512-MQDfihBQYMcyy5dhRDJUHcw7lb2Pv/TuE6xP1vyraLukNDHKbDxDNaOE3NbCAdKQApno+GPRyo1YAp89yCjK4w=="
  "resolved" "https://registry.npmjs.org/follow-redirects/-/follow-redirects-1.14.9.tgz"
  "version" "1.14.9"

"form-data@^4.0.0":
  "integrity" "sha512-ETEklSGi5t0QMZuiXoA/Q6vcnxcLQP5vdugSpuAyi6SVGi2clPPp+xgEhuMaHC+zGgn31Kd235W35f7Hykkaww=="
  "resolved" "https://registry.npmjs.org/form-data/-/form-data-4.0.0.tgz"
  "version" "4.0.0"
  dependencies:
    "asynckit" "^0.4.0"
    "combined-stream" "^1.0.8"
    "mime-types" "^2.1.12"

"fs.realpath@^1.0.0":
  "integrity" "sha1-FQStJSMVjKpA20onh8sBQRmU6k8="
  "resolved" "https://registry.npmjs.org/fs.realpath/-/fs.realpath-1.0.0.tgz"
  "version" "1.0.0"

"fstream@^1.0.12":
  "integrity" "sha512-WvJ193OHa0GHPEL+AycEJgxvBEwyfRkN1vhjca23OaPVMCaLCXTd5qAu82AjTcgP1UJmytkOKb63Ypde7raDIg=="
  "resolved" "https://registry.npmjs.org/fstream/-/fstream-1.0.12.tgz"
  "version" "1.0.12"
  dependencies:
    "graceful-fs" "^4.1.2"
    "inherits" "~2.0.0"
    "mkdirp" ">=0.5 0"
    "rimraf" "2"

"glob@^7.1.3":
  "integrity" "sha512-lmLf6gtyrPq8tTjSmrO94wBeQbFR3HbLHbuyD69wuyQkImp2hWqMGB47OX65FBkPffO641IP9jWa1z4ivqG26Q=="
  "resolved" "https://registry.npmjs.org/glob/-/glob-7.2.0.tgz"
  "version" "7.2.0"
  dependencies:
    "fs.realpath" "^1.0.0"
    "inflight" "^1.0.4"
    "inherits" "2"
    "minimatch" "^3.0.4"
    "once" "^1.3.0"
    "path-is-absolute" "^1.0.0"

"graceful-fs@^4.1.2", "graceful-fs@^4.2.2":
  "integrity" "sha512-9ByhssR2fPVsNZj478qUUbKfmL0+t5BDVyjShtyZZLiK7ZDAArFFfopyOTj0M05wE2tJPisA4iTnnXl2YoPvOA=="
  "resolved" "https://registry.npmjs.org/graceful-fs/-/graceful-fs-4.2.10.tgz"
  "version" "4.2.10"

"http@^0.0.1-security":
  "integrity" "sha512-RnDvP10Ty9FxqOtPZuxtebw1j4L/WiqNMDtuc1YMH1XQm5TgDRaR1G9u8upL6KD1bXHSp9eSXo/ED+8Q7FAr+g=="
  "resolved" "https://registry.npmjs.org/http/-/http-0.0.1-security.tgz"
  "version" "0.0.1-security"

"immediate@~3.0.5":
  "integrity" "sha1-nbHb0Pr43m++D13V5Wu2BigN5ps="
  "resolved" "https://registry.npmjs.org/immediate/-/immediate-3.0.6.tgz"
  "version" "3.0.6"

"inflight@^1.0.4":
  "integrity" "sha1-Sb1jMdfQLQwJvJEKEHW6gWW1bfk="
  "resolved" "https://registry.npmjs.org/inflight/-/inflight-1.0.6.tgz"
  "version" "1.0.6"
  dependencies:
    "once" "^1.3.0"
    "wrappy" "1"

"inherits@~2.0.0", "inherits@~2.0.3", "inherits@2":
  "integrity" "sha512-k/vGaX4/Yla3WzyMCvTQOXYeIHvqOKtnqBduzTHpzpQZzAskKMhZ2K+EnBiSM9zGSoIFeMpXKxa4dYeZIQqewQ=="
  "resolved" "https://registry.npmjs.org/inherits/-/inherits-2.0.4.tgz"
  "version" "2.0.4"

"isarray@~1.0.0":
  "integrity" "sha1-u5NdSFgsuhaMBoNJV6VKPgcSTxE="
  "resolved" "https://registry.npmjs.org/isarray/-/isarray-1.0.0.tgz"
  "version" "1.0.0"

"jszip@^3.7.1":
  "integrity" "sha512-H9A60xPqJ1CuC4Ka6qxzXZeU8aNmgOeP5IFqwJbQQwtu2EUYxota3LdsiZWplF7Wgd9tkAd0mdu36nceSaPuYw=="
  "resolved" "https://registry.npmjs.org/jszip/-/jszip-3.9.1.tgz"
  "version" "3.9.1"
  dependencies:
    "lie" "~3.3.0"
    "pako" "~1.0.2"
    "readable-stream" "~2.3.6"
    "set-immediate-shim" "~1.0.1"

"lie@~3.3.0":
  "integrity" "sha512-UaiMJzeWRlEujzAuw5LokY1L5ecNQYZKfmyZ9L7wDHb/p5etKaxXhohBcrw0EYby+G/NA52vRSN4N39dxHAIwQ=="
  "resolved" "https://registry.npmjs.org/lie/-/lie-3.3.0.tgz"
  "version" "3.3.0"
  dependencies:
    "immediate" "~3.0.5"

"listenercount@~1.0.1":
  "integrity" "sha1-hMinKrWcRyUyFIDJdeZQg0LnCTc="
  "resolved" "https://registry.npmjs.org/listenercount/-/listenercount-1.0.1.tgz"
  "version" "1.0.1"

"mime-db@1.52.0":
  "integrity" "sha512-sPU4uV7dYlvtWJxwwxHD0PuihVNiE7TyAbQ5SWxDCB9mUYvOgroQOwYQQOKPJ8CIbE+1ETVlOoK1UC2nU3gYvg=="
  "resolved" "https://registry.npmjs.org/mime-db/-/mime-db-1.52.0.tgz"
  "version" "1.52.0"

"mime-types@^2.1.12":
  "integrity" "sha512-ZDY+bPm5zTTF+YpCrAU9nK0UgICYPT0QtT1NZWFv4s++TNkcgVaT0g6+4R2uI4MjQjzysHB1zxuWL50hzaeXiw=="
  "resolved" "https://registry.npmjs.org/mime-types/-/mime-types-2.1.35.tgz"
  "version" "2.1.35"
  dependencies:
    "mime-db" "1.52.0"

"minimatch@^3.0.4":
  "integrity" "sha512-J7p63hRiAjw1NDEww1W7i37+ByIrOWO5XQQAzZ3VOcL0PNybwpfmV/N05zFAzwQ9USyEcX6t3UO+K5aqBQOIHw=="
  "resolved" "https://registry.npmjs.org/minimatch/-/minimatch-3.1.2.tgz"
  "version" "3.1.2"
  dependencies:
    "brace-expansion" "^1.1.7"

"minimist@^1.2.6":
  "integrity" "sha512-Jsjnk4bw3YJqYzbdyBiNsPWHPfO++UGG749Cxs6peCu5Xg4nrena6OVxOYxrQTqww0Jmwt+Ref8rggumkTLz9Q=="
  "resolved" "https://registry.npmjs.org/minimist/-/minimist-1.2.6.tgz"
  "version" "1.2.6"

"mkdirp@>=0.5 0":
  "integrity" "sha512-FP+p8RB8OWpF3YZBCrP5gtADmtXApB5AMLn+vdyA+PyxCjrCs00mjyUozssO33cwDeT3wNGdLxJ5M//YqtHAJw=="
  "resolved" "https://registry.npmjs.org/mkdirp/-/mkdirp-0.5.6.tgz"
  "version" "0.5.6"
  dependencies:
    "minimist" "^1.2.6"

"node-fetch@^2.6.7":
  "integrity" "sha512-ZjMPFEfVx5j+y2yF35Kzx5sF7kDzxuDj6ziH4FFbOp87zKDZNx8yExJIb05OGF4Nlt9IHFIMBkRl41VdvcNdbQ=="
  "resolved" "https://registry.npmjs.org/node-fetch/-/node-fetch-2.6.7.tgz"
  "version" "2.6.7"
  dependencies:
    "whatwg-url" "^5.0.0"

"once@^1.3.0":
  "integrity" "sha1-WDsap3WWHUsROsF9nFC6753Xa9E="
  "resolved" "https://registry.npmjs.org/once/-/once-1.4.0.tgz"
  "version" "1.4.0"
  dependencies:
    "wrappy" "1"

"pako@~1.0.2":
  "integrity" "sha512-4hLB8Py4zZce5s4yd9XzopqwVv/yGNhV1Bl8NTmCq1763HeK2+EwVTv+leGeL13Dnh2wfbqowVPXCIO0z4taYw=="
  "resolved" "https://registry.npmjs.org/pako/-/pako-1.0.11.tgz"
  "version" "1.0.11"

"path-is-absolute@^1.0.0":
  "integrity" "sha1-F0uSaHNVNP+8es5r9TpanhtcX18="
  "resolved" "https://registry.npmjs.org/path-is-absolute/-/path-is-absolute-1.0.1.tgz"
  "version" "1.0.1"

"process-nextick-args@~2.0.0":
  "integrity" "sha512-3ouUOpQhtgrbOa17J7+uxOTpITYWaGP7/AhoR3+A+/1e9skrzelGi/dXzEYyvbxubEF6Wn2ypscTKiKJFFn1ag=="
  "resolved" "https://registry.npmjs.org/process-nextick-args/-/process-nextick-args-2.0.1.tgz"
  "version" "2.0.1"

"read-excel-file@^5.2.28":
  "integrity" "sha512-a1whzUaJ8LG0dckmtamEu7vgtlf/L5XJRvLj9JraASz2LDU6NDEsajeYn9casHFgllMIuyH/CAYzxcU8Y2bYkw=="
  "resolved" "https://registry.npmjs.org/read-excel-file/-/read-excel-file-5.2.28.tgz"
  "version" "5.2.28"
  dependencies:
    "@xmldom/xmldom" "^0.7.0"
    "jszip" "^3.7.1"
    "unzipper" "^0.10.11"

"readable-stream@^2.0.2", "readable-stream@~2.3.6":
  "integrity" "sha512-Ebho8K4jIbHAxnuxi7o42OrZgF/ZTNcsZj6nRKyUmkhLFq8CHItp/fy6hQZuZmP/n3yZ9VBUbp4zz/mX8hmYPw=="
  "resolved" "https://registry.npmjs.org/readable-stream/-/readable-stream-2.3.7.tgz"
  "version" "2.3.7"
  dependencies:
    "core-util-is" "~1.0.0"
    "inherits" "~2.0.3"
    "isarray" "~1.0.0"
    "process-nextick-args" "~2.0.0"
    "safe-buffer" "~5.1.1"
    "string_decoder" "~1.1.1"
    "util-deprecate" "~1.0.1"

"rimraf@2":
  "integrity" "sha512-uWjbaKIK3T1OSVptzX7Nl6PvQ3qAGtKEtVRjRuazjfL3Bx5eI409VZSqgND+4UNnmzLVdPj9FqFJNPqBZFve4w=="
  "resolved" "https://registry.npmjs.org/rimraf/-/rimraf-2.7.1.tgz"
  "version" "2.7.1"
  dependencies:
    "glob" "^7.1.3"

"safe-buffer@~5.1.0", "safe-buffer@~5.1.1":
  "integrity" "sha512-Gd2UZBJDkXlY7GbJxfsE8/nvKkUEU1G38c1siN6QP6a9PT9MmHB8GnpscSmMJSoF8LOIrt8ud/wPtojys4G6+g=="
  "resolved" "https://registry.npmjs.org/safe-buffer/-/safe-buffer-5.1.2.tgz"
  "version" "5.1.2"

"set-immediate-shim@~1.0.1":
  "integrity" "sha1-SysbJ+uAip+NzEgaWOXlb1mfP2E="
  "resolved" "https://registry.npmjs.org/set-immediate-shim/-/set-immediate-shim-1.0.1.tgz"
  "version" "1.0.1"

"setimmediate@~1.0.4":
  "integrity" "sha1-KQy7Iy4waULX1+qbg3Mqt4VvgoU="
  "resolved" "https://registry.npmjs.org/setimmediate/-/setimmediate-1.0.5.tgz"
  "version" "1.0.5"

"string_decoder@~1.1.1":
  "integrity" "sha512-n/ShnvDi6FHbbVfviro+WojiFzv+s8MPMHBczVePfUpDJLwoLT0ht1l4YwBCbi8pJAveEEdnkHyPyTP/mzRfwg=="
  "resolved" "https://registry.npmjs.org/string_decoder/-/string_decoder-1.1.1.tgz"
  "version" "1.1.1"
  dependencies:
    "safe-buffer" "~5.1.0"

"tr46@~0.0.3":
  "integrity" "sha1-gYT9NH2snNwYWZLzpmIuFLnZq2o="
  "resolved" "https://registry.npmjs.org/tr46/-/tr46-0.0.3.tgz"
  "version" "0.0.3"

"traverse@>=0.3.0 <0.4":
  "integrity" "sha1-cXuPIgzAu3tE5AUUwisui7xw2Lk="
  "resolved" "https://registry.npmjs.org/traverse/-/traverse-0.3.9.tgz"
  "version" "0.3.9"

"unzipper@^0.10.11":
  "integrity" "sha512-+BrAq2oFqWod5IESRjL3S8baohbevGcVA+teAIOYWM3pDVdseogqbzhhvvmiyQrUNKFUnDMtELW3X8ykbyDCJw=="
  "resolved" "https://registry.npmjs.org/unzipper/-/unzipper-0.10.11.tgz"
  "version" "0.10.11"
  dependencies:
    "big-integer" "^1.6.17"
    "binary" "~0.3.0"
    "bluebird" "~3.4.1"
    "buffer-indexof-polyfill" "~1.0.0"
    "duplexer2" "~0.1.4"
    "fstream" "^1.0.12"
    "graceful-fs" "^4.2.2"
    "listenercount" "~1.0.1"
    "readable-stream" "~2.3.6"
    "setimmediate" "~1.0.4"

"util-deprecate@~1.0.1":
  "integrity" "sha1-RQ1Nyfpw3nMnYvvS1KKJgUGaDM8="
  "resolved" "https://registry.npmjs.org/util-deprecate/-/util-deprecate-1.0.2.tgz"
  "version" "1.0.2"

"webidl-conversions@^3.0.0":
  "integrity" "sha1-JFNCdeKnvGvnvIZhHMFq4KVlSHE="
  "resolved" "https://registry.npmjs.org/webidl-conversions/-/webidl-conversions-3.0.1.tgz"
  "version" "3.0.1"

"whatwg-url@^5.0.0":
  "integrity" "sha1-lmRU6HZUYuN2RNNib2dCzotwll0="
  "resolved" "https://registry.npmjs.org/whatwg-url/-/whatwg-url-5.0.0.tgz"
  "version" "5.0.0"
  dependencies:
    "tr46" "~0.0.3"
    "webidl-conversions" "^3.0.0"

"wrappy@1":
  "integrity" "sha1-tSQ9jz7BqjXxNkYFvA0QNuMKtp8="
  "resolved" "https://registry.npmjs.org/wrappy/-/wrappy-1.0.2.tgz"
  "version" "1.0.2"
